// !$*UTF8*$!
{
	archiveVersion = 1;
	classes = {
	};
	objectVersion = 48;
	objects = {

/* Begin PBXBuildFile section */
		63AB36961F8C789F00C825CC /* AppDelegate.m in Sources */ = {isa = PBXBuildFile; fileRef = 63AB36951F8C789F00C825CC /* AppDelegate.m */; };
		63AB36991F8C789F00C825CC /* ViewController.m in Sources */ = {isa = PBXBuildFile; fileRef = 63AB36981F8C789F00C825CC /* ViewController.m */; };
		63AB369C1F8C789F00C825CC /* Main.storyboard in Resources */ = {isa = PBXBuildFile; fileRef = 63AB369A1F8C789F00C825CC /* Main.storyboard */; };
		63AB369E1F8C789F00C825CC /* Assets.xcassets in Resources */ = {isa = PBXBuildFile; fileRef = 63AB369D1F8C789F00C825CC /* Assets.xcassets */; };
		63AB36A11F8C789F00C825CC /* LaunchScreen.storyboard in Resources */ = {isa = PBXBuildFile; fileRef = 63AB369F1F8C789F00C825CC /* LaunchScreen.storyboard */; };
		63AB36A41F8C789F00C825CC /* main.m in Sources */ = {isa = PBXBuildFile; fileRef = 63AB36A31F8C789F00C825CC /* main.m */; };
/* End PBXBuildFile section */

/* Begin PBXFileReference section */
		63AB36911F8C789F00C825CC /* EasyRTC.app */ = {isa = PBXFileReference; explicitFileType = wrapper.application; includeInIndex = 0; path = EasyRTC.app; sourceTree = BUILT_PRODUCTS_DIR; };
		63AB36941F8C789F00C825CC /* AppDelegate.h */ = {isa = PBXFileReference; lastKnownFileType = sourcecode.c.h; path = AppDelegate.h; sourceTree = "<group>"; };
		63AB36951F8C789F00C825CC /* AppDelegate.m */ = {isa = PBXFileReference; lastKnownFileType = sourcecode.c.objc; path = AppDelegate.m; sourceTree = "<group>"; };
		63AB36971F8C789F00C825CC /* ViewController.h */ = {isa = PBXFileReference; lastKnownFileType = sourcecode.c.h; path = ViewController.h; sourceTree = "<group>"; };
		63AB36981F8C789F00C825CC /* ViewController.m */ = {isa = PBXFileReference; lastKnownFileType = sourcecode.c.objc; path = ViewController.m; sourceTree = "<group>"; };
		63AB369B1F8C789F00C825CC /* Base */ = {isa = PBXFileReference; lastKnownFileType = file.storyboard; name = Base; path = Base.lproj/Main.storyboard; sourceTree = "<group>"; };
		63AB369D1F8C789F00C825CC /* Assets.xcassets */ = {isa = PBXFileReference; lastKnownFileType = folder.assetcatalog; path = Assets.xcassets; sourceTree = "<group>"; };
		63AB36A01F8C789F00C825CC /* Base */ = {isa = PBXFileReference; lastKnownFileType = file.storyboard; name = Base; path = Base.lproj/LaunchScreen.storyboard; sourceTree = "<group>"; };
		63AB36A21F8C789F00C825CC /* Info.plist */ = {isa = PBXFileReference; lastKnownFileType = text.plist.xml; path = Info.plist; sourceTree = "<group>"; };
		63AB36A31F8C789F00C825CC /* main.m */ = {isa = PBXFileReference; lastKnownFileType = sourcecode.c.objc; path = main.m; sourceTree = "<group>"; };
/* End PBXFileReference section */

/* Begin PBXFrameworksBuildPhase section */
		63AB368E1F8C789F00C825CC /* Frameworks */ = {
			isa = PBXFrameworksBuildPhase;
			buildActionMask = 2147483647;
			files = (
			);
			runOnlyForDeploymentPostprocessing = 0;
		};
/* End PBXFrameworksBuildPhase section */

/* Begin PBXGroup section */
		63AB36881F8C789F00C825CC = {
			isa = PBXGroup;
			children = (
				63AB36931F8C789F00C825CC /* EasyRTC */,
				63AB36921F8C789F00C825CC /* Products */,
			);
			sourceTree = "<group>";
		};
		63AB36921F8C789F00C825CC /* Products */ = {
			isa = PBXGroup;
			children = (
				63AB36911F8C789F00C825CC /* EasyRTC.app */,
			);
			name = Products;
			sourceTree = "<group>";
		};
		63AB36931F8C789F00C825CC /* EasyRTC */ = {
			isa = PBXGroup;
			children = (
				63AB36941F8C789F00C825CC /* AppDelegate.h */,
				63AB36951F8C789F00C825CC /* AppDelegate.m */,
				63AB36971F8C789F00C825CC /* ViewController.h */,
				63AB36981F8C789F00C825CC /* ViewController.m */,
				63AB369A1F8C789F00C825CC /* Main.storyboard */,
				63AB369D1F8C789F00C825CC /* Assets.xcassets */,
				63AB369F1F8C789F00C825CC /* LaunchScreen.storyboard */,
				63AB36A21F8C789F00C825CC /* Info.plist */,
				63AB36A31F8C789F00C825CC /* main.m */,
			);
			path = EasyRTC;
			sourceTree = "<group>";
		};
/* End PBXGroup section */

/* Begin PBXNativeTarget section */
		63AB36901F8C789F00C825CC /* EasyRTC */ = {
			isa = PBXNativeTarget;
			buildConfigurationList = 63AB36A71F8C789F00C825CC /* Build configuration list for PBXNativeTarget "EasyRTC" */;
			buildPhases = (
				63AB368D1F8C789F00C825CC /* Sources */,
				63AB368E1F8C789F00C825CC /* Frameworks */,
				63AB368F1F8C789F00C825CC /* Resources */,
			);
			buildRules = (
			);
			dependencies = (
			);
			name = EasyRTC;
			productName = EasyRTC;
			productReference = 63AB36911F8C789F00C825CC /* EasyRTC.app */;
			productType = "com.apple.product-type.application";
		};
/* End PBXNativeTarget section */

/* Begin PBXProject section */
		63AB36891F8C789F00C825CC /* Project object */ = {
			isa = PBXProject;
			attributes = {
				LastUpgradeCheck = 0900;
				ORGANIZATIONNAME = David;
				TargetAttributes = {
					63AB36901F8C789F00C825CC = {
						CreatedOnToolsVersion = 9.0;
						ProvisioningStyle = Automatic;
					};
				};
			};
			buildConfigurationList = 63AB368C1F8C789F00C825CC /* Build configuration list for PBXProject "EasyRTC" */;
			compatibilityVersion = "Xcode 8.0";
			developmentRegion = en;
			hasScannedForEncodings = 0;
			knownRegions = (
				en,
				Base,
			);
			mainGroup = 63AB36881F8C789F00C825CC;
			productRefGroup = 63AB36921F8C789F00C825CC /* Products */;
			projectDirPath = "";
			projectRoot = "";
			targets = (
				63AB36901F8C789F00C825CC /* EasyRTC */,
			);
		};
/* End PBXProject section */

/* Begin PBXResourcesBuildPhase section */
		63AB368F1F8C789F00C825CC /* Resources */ = {
			isa = PBXResourcesBuildPhase;
			buildActionMask = 2147483647;
			files = (
				63AB36A11F8C789F00C825CC /* LaunchScreen.storyboard in Resources */,
				63AB369E1F8C789F00C825CC /* Assets.xcassets in Resources */,
				63AB369C1F8C789F00C825CC /* Main.storyboard in Resources */,
			);
			runOnlyForDeploymentPostprocessing = 0;
		};
/* End PBXResourcesBuildPhase section */

/* Begin PBXSourcesBuildPhase section */
		63AB368D1F8C789F00C825CC /* Sources */ = {
			isa = PBXSourcesBuildPhase;
			buildActionMask = 2147483647;
			files = (
				63AB36991F8C789F00C825CC /* ViewController.m in Sources */,
				63AB36A41F8C789F00C825CC /* main.m in Sources */,
				63AB36961F8C789F00C825CC /* AppDelegate.m in Sources */,
			);
			runOnlyForDeploymentPostprocessing = 0;
		};
/* End PBXSourcesBuildPhase section */

/* Begin PBXVariantGroup section */
		63AB369A1F8C789F00C825CC /* Main.storyboard */ = {
			isa = PBXVariantGroup;
			children = (
				63AB369B1F8C789F00C825CC /* Base */,
			);
			name = Main.storyboard;
			sourceTree = "<group>";
		};
		63AB369F1F8C789F00C825CC /* LaunchScreen.storyboard */ = {
			isa = PBXVariantGroup;
			children = (
				63AB36A01F8C789F00C825CC /* Base */,
			);
			name = LaunchScreen.storyboard;
			sourceTree = "<group>";
		};
/* End PBXVariantGroup section */

/* Begin XCBuildConfiguration section */
		63AB36A51F8C789F00C825CC /* Debug */ = {
			isa = XCBuildConfiguration;
			buildSettings = {
				ALWAYS_SEARCH_USER_PATHS = NO;
				CLANG_ANALYZER_NONNULL = YES;
				CLANG_ANALYZER_NUMBER_OBJECT_CONVERSION = YES_AGGRESSIVE;
				CLANG_CXX_LANGUAGE_STANDARD = "gnu++14";
				CLANG_CXX_LIBRARY = "libc++";
				CLANG_ENABLE_MODULES = YES;
				CLANG_ENABLE_OBJC_ARC = YES;
				CLANG_WARN_BLOCK_CAPTURE_AUTORELEASING = YES;
				CLANG_WARN_BOOL_CONVERSION = YES;
				CLANG_WARN_COMMA = YES;
				CLANG_WARN_CONSTANT_CONVERSION = YES;
				CLANG_WARN_DIRECT_OBJC_ISA_USAGE = YES_ERROR;
				CLANG_WARN_DOCUMENTATION_COMMENTS = YES;
				CLANG_WARN_EMPTY_BODY = YES;
				CLANG_WARN_ENUM_CONVERSION = YES;
				CLANG_WARN_INFINITE_RECURSION = YES;
				CLANG_WARN_INT_CONVERSION = YES;
				CLANG_WARN_NON_LITERAL_NULL_CONVERSION = YES;
				CLANG_WARN_OBJC_LITERAL_CONVERSION = YES;
				CLANG_WARN_OBJC_ROOT_CLASS = YES_ERROR;
				CLANG_WARN_RANGE_LOOP_ANALYSIS = YES;
				CLANG_WARN_STRICT_PROTOTYPES = YES;
				CLANG_WARN_SUSPICIOUS_MOVE = YES;
				CLANG_WARN_UNGUARDED_AVAILABILITY = YES_AGGRESSIVE;
				CLANG_WARN_UNREACHABLE_CODE = YES;
				CLANG_WARN__DUPLICATE_METHOD_MATCH = YES;
				CODE_SIGN_IDENTITY = "iPhone Developer";
				COPY_PHASE_STRIP = NO;
				DEBUG_INFORMATION_FORMAT = dwarf;
				ENABLE_STRICT_OBJC_MSGSEND = YES;
				ENABLE_TESTABILITY = YES;
				GCC_C_LANGUAGE_STANDARD = gnu11;
				GCC_DYNAMIC_NO_PIC = NO;
				GCC_NO_COMMON_BLOCKS = YES;
				GCC_OPTIMIZATION_LEVEL = 0;
				GCC_PREPROCESSOR_DEFINITIONS = (
					"DEBUG=1",
					"$(inherited)",
				);
				GCC_WARN_64_TO_32_BIT_CONVERSION = YES;
				GCC_WARN_ABOUT_RETURN_TYPE = YES_ERROR;
				GCC_WARN_UNDECLARED_SELECTOR = YES;
				GCC_WARN_UNINITIALIZED_AUTOS = YES_AGGRESSIVE;
				GCC_WARN_UNUSED_FUNCTION = YES;
				GCC_WARN_UNUSED_VARIABLE = YES;
				IPHONEOS_DEPLOYMENT_TARGET = 11.0;
				MTL_ENABLE_DEBUG_INFO = YES;
				ONLY_ACTIVE_ARCH = YES;
				SDKROOT = iphoneos;
			};
			name = Debug;
		};
		63AB36A61F8C789F00C825CC /* Release */ = {
			isa = XCBuildConfiguration;
			buildSettings = {
				ALWAYS_SEARCH_USER_PATHS = NO;
				CLANG_ANALYZER_NONNULL = YES;
				CLANG_ANALYZER_NUMBER_OBJECT_CONVERSION = YES_AGGRESSIVE;
				CLANG_CXX_LANGUAGE_STANDARD = "gnu++14";
				CLANG_CXX_LIBRARY = "libc++";
				CLANG_ENABLE_MODULES = YES;
				CLANG_ENABLE_OBJC_ARC = YES;
				CLANG_WARN_BLOCK_CAPTURE_AUTORELEASING = YES;
				CLANG_WARN_BOOL_CONVERSION = YES;
				CLANG_WARN_COMMA = YES;
				CLANG_WARN_CONSTANT_CONVERSION = YES;
				CLANG_WARN_DIRECT_OBJC_ISA_USAGE = YES_ERROR;
				CLANG_WARN_DOCUMENTATION_COMMENTS = YES;
				CLANG_WARN_EMPTY_BODY = YES;
				CLANG_WARN_ENUM_CONVERSION = YES;
				CLANG_WARN_INFINITE_RECURSION = YES;
				CLANG_WARN_INT_CONVERSION = YES;
				CLANG_WARN_NON_LITERAL_NULL_CONVERSION = YES;
				CLANG_WARN_OBJC_LITERAL_CONVERSION = YES;
				CLANG_WARN_OBJC_ROOT_CLASS = YES_ERROR;
				CLANG_WARN_RANGE_LOOP_ANALYSIS = YES;
				CLANG_WARN_STRICT_PROTOTYPES = YES;
				CLANG_WARN_SUSPICIOUS_MOVE = YES;
				CLANG_WARN_UNGUARDED_AVAILABILITY = YES_AGGRESSIVE;
				CLANG_WARN_UNREACHABLE_CODE = YES;
				CLANG_WARN__DUPLICATE_METHOD_MATCH = YES;
				CODE_SIGN_IDENTITY = "iPhone Developer";
				COPY_PHASE_STRIP = NO;
				DEBUG_INFORMATION_FORMAT = "dwarf-with-dsym";
				ENABLE_NS_ASSERTIONS = NO;
				ENABLE_STRICT_OBJC_MSGSEND = YES;
				GCC_C_LANGUAGE_STANDARD = gnu11;
				GCC_NO_COMMON_BLOCKS = YES;
				GCC_WARN_64_TO_32_BIT_CONVERSION = YES;
				GCC_WARN_ABOUT_RETURN_TYPE = YES_ERROR;
				GCC_WARN_UNDECLARED_SELECTOR = YES;
				GCC_WARN_UNINITIALIZED_AUTOS = YES_AGGRESSIVE;
				GCC_WARN_UNUSED_FUNCTION = YES;
				GCC_WARN_UNUSED_VARIABLE = YES;
				IPHONEOS_DEPLOYMENT_TARGET = 11.0;
				MTL_ENABLE_DEBUG_INFO = NO;
				SDKROOT = iphoneos;
				VALIDATE_PRODUCT = YES;
			};
			name = Release;
		};
		63AB36A81F8C789F00C825CC /* Debug */ = {
			isa = XCBuildConfiguration;
			buildSettings = {
				ASSETCATALOG_COMPILER_APPICON_NAME = AppIcon;
				CODE_SIGN_STYLE = Automatic;
				INFOPLIST_FILE = EasyRTC/Info.plist;
				LD_RUNPATH_SEARCH_PATHS = "$(inherited) @executable_path/Frameworks";
				PRODUCT_BUNDLE_IDENTIFIER = LYL.EasyRTC;
				PRODUCT_NAME = "$(TARGET_NAME)";
				TARGETED_DEVICE_FAMILY = "1,2";
			};
			name = Debug;
		};
		63AB36A91F8C789F00C825CC /* Release */ = {
			isa = XCBuildConfiguration;
			buildSettings = {
				ASSETCATALOG_COMPILER_APPICON_NAME = AppIcon;
				CODE_SIGN_STYLE = Automatic;
				INFOPLIST_FILE = EasyRTC/Info.plist;
				LD_RUNPATH_SEARCH_PATHS = "$(inherited) @executable_path/Frameworks";
				PRODUCT_BUNDLE_IDENTIFIER = LYL.EasyRTC;
				PRODUCT_NAME = "$(TARGET_NAME)";
				TARGETED_DEVICE_FAMILY = "1,2";
			};
			name = Release;
		};
/* End XCBuildConfiguration section */

/* Begin XCConfigurationList section */
		63AB368C1F8C789F00C825CC /* Build configuration list for PBXProject "EasyRTC" */ = {
			isa = XCConfigurationList;
			buildConfigurations = (
				63AB36A51F8C789F00C825CC /* Debug */,
				63AB36A61F8C789F00C825CC /* Release */,
			);
			defaultConfigurationIsVisible = 0;
			defaultConfigurationName = Release;
		};
		63AB36A71F8C789F00C825CC /* Build configuration list for PBXNativeTarget "EasyRTC" */ = {
			isa = XCConfigurationList;
			buildConfigurations = (
				63AB36A81F8C789F00C825CC /* Debug */,
				63AB36A91F8C789F00C825CC /* Release */,
			);
			defaultConfigurationIsVisible = 0;
			defaultConfigurationName = Release;
		};
/* End XCConfigurationList section */
	};
	rootObject = 63AB36891F8C789F00C825CC /* Project object */;
}
